{
  "name": "botross",
  "version": "2.1.0",
  "lockfileVersion": 1,
  "requires": true,
  "dependencies": {
    "canvas": {
      "version": "2.0.0-alpha.6",
      "resolved": "https://registry.npmjs.org/canvas/-/canvas-2.0.0-alpha.6.tgz",
      "integrity": "sha512-HRJWAiC3pwMlc7Xf8RGntrmoaCfc/Jd66TbYXXhUhiOJJUUUYXW97Zn2j8dBiXxpeG4gt3jALceeA9OQUTqNCw==",
      "requires": {
        "nan": "2.8.0"
      }
    },
    "nan": {
      "version": "2.8.0",
      "resolved": "https://registry.npmjs.org/nan/-/nan-2.8.0.tgz",
      "integrity": "sha1-7XFfP+neArV6XmJS2QqWZ14fCFo="
    }
  }
}
